
Microsoft Visual Studio Solution File, Format Version 12.00
# Visual Studio Version 16
VisualStudioVersion = 16.0.30128.74
MinimumVisualStudioVersion = 10.0.40219.1
Project("{FAE04EC0-301F-11D3-BF4B-00C04F79EFBC}") = "Inlupp 3", "Inlupp 3.csproj", "{5DEC3173-408A-437A-B9A3-20CD3773F05F}"
EndProject
Global
	GlobalSection(SolutionConfigurationPlatforms) = preSolution
		Debug|Any CPU = Debug|Any CPU
		Release|Any CPU = Release|Any CPU
	EndGlobalSection
	GlobalSection(ProjectConfigurationPlatforms) = postSolution
		{5DEC3173-408A-437A-B9A3-20CD3773F05F}.Debug|Any CPU.ActiveCfg = Debug|Any CPU
		{5DEC3173-408A-437A-B9A3-20CD3773F05F}.Debug|Any CPU.Build.0 = Debug|Any CPU
		{5DEC3173-408A-437A-B9A3-20CD3773F05F}.Release|Any CPU.ActiveCfg = Release|Any CPU
		{5DEC3173-408A-437A-B9A3-20CD3773F05F}.Release|Any CPU.Build.0 = Release|Any CPU
	EndGlobalSection
	GlobalSection(SolutionProperties) = preSolution
		HideSolutionNode = FALSE
	EndGlobalSection
	GlobalSection(ExtensibilityGlobals) = postSolution
		SolutionGuid = {830F970F-A58F-4D63-A0D3-4A4B5D2D9538}
	EndGlobalSection
EndGlobal
